
Microsoft Visual Studio Solution File, Format Version 12.00
# Visual Studio Version 16
VisualStudioVersion = 16.0.30611.23
MinimumVisualStudioVersion = 10.0.40219.1
Project("{FAE04EC0-301F-11D3-BF4B-00C04F79EFBC}") = "Ejercicio2-Pto2 completo", "Ejercicio2-Pto2 completo\Ejercicio2-Pto2 completo.csproj", "{F4F860F4-0401-4B2D-BE9D-9CEB35214668}"
EndProject
Global
	GlobalSection(SolutionConfigurationPlatforms) = preSolution
		Debug|Any CPU = Debug|Any CPU
		Release|Any CPU = Release|Any CPU
	EndGlobalSection
	GlobalSection(ProjectConfigurationPlatforms) = postSolution
		{F4F860F4-0401-4B2D-BE9D-9CEB35214668}.Debug|Any CPU.ActiveCfg = Debug|Any CPU
		{F4F860F4-0401-4B2D-BE9D-9CEB35214668}.Debug|Any CPU.Build.0 = Debug|Any CPU
		{F4F860F4-0401-4B2D-BE9D-9CEB35214668}.Release|Any CPU.ActiveCfg = Release|Any CPU
		{F4F860F4-0401-4B2D-BE9D-9CEB35214668}.Release|Any CPU.Build.0 = Release|Any CPU
	EndGlobalSection
	GlobalSection(SolutionProperties) = preSolution
		HideSolutionNode = FALSE
	EndGlobalSection
	GlobalSection(ExtensibilityGlobals) = postSolution
		SolutionGuid = {80A3B929-A1F7-4CB7-9B78-9B588294A18D}
	EndGlobalSection
EndGlobal
